
Microsoft Visual Studio Solution File, Format Version 11.00
# Visual Studio Version 18

Project("{8BC9CEB8-8B4A-11D0-8D11-00A0C91BC942}") = "FirstFuzz - Standalone Plugin", "FirstFuzz_StandalonePlugin.vcxproj", "{95BE97C9-A340-164D-8EAC-3F1A099AE846}"
	ProjectSection(ProjectDependencies) = postProject
		{655E726E-EA68-9E2B-9AD6-8C87F74C6FBD} = {655E726E-EA68-9E2B-9AD6-8C87F74C6FBD}
	EndProjectSection
EndProject
Project("{8BC9CEB8-8B4A-11D0-8D11-00A0C91BC942}") = "FirstFuzz - VST3", "FirstFuzz_VST3.vcxproj", "{154C7B6A-1F13-E802-BA47-8AA64CF1EFD6}"
	ProjectSection(ProjectDependencies) = postProject
		{655E726E-EA68-9E2B-9AD6-8C87F74C6FBD} = {655E726E-EA68-9E2B-9AD6-8C87F74C6FBD}
		{1AAE8127-2F3D-07E8-6E6F-7907C87E1DF1} = {1AAE8127-2F3D-07E8-6E6F-7907C87E1DF1}
	EndProjectSection
EndProject
Project("{8BC9CEB8-8B4A-11D0-8D11-00A0C91BC942}") = "FirstFuzz - Shared Code", "FirstFuzz_SharedCode.vcxproj", "{655E726E-EA68-9E2B-9AD6-8C87F74C6FBD}"
EndProject
Project("{8BC9CEB8-8B4A-11D0-8D11-00A0C91BC942}") = "FirstFuzz - VST3 Manifest Helper", "FirstFuzz_VST3ManifestHelper.vcxproj", "{1AAE8127-2F3D-07E8-6E6F-7907C87E1DF1}"
EndProject
Global
	GlobalSection(SolutionConfigurationPlatforms) = preSolution
		Debug|x64 = Debug|x64
		Release|x64 = Release|x64
	EndGlobalSection
	GlobalSection(ProjectConfigurationPlatforms) = postSolution
		{154C7B6A-1F13-E802-BA47-8AA64CF1EFD6}.Debug|x64.ActiveCfg = Debug|x64
		{154C7B6A-1F13-E802-BA47-8AA64CF1EFD6}.Debug|x64.Build.0 = Debug|x64
		{154C7B6A-1F13-E802-BA47-8AA64CF1EFD6}.Release|x64.ActiveCfg = Release|x64
		{154C7B6A-1F13-E802-BA47-8AA64CF1EFD6}.Release|x64.Build.0 = Release|x64
		{95BE97C9-A340-164D-8EAC-3F1A099AE846}.Debug|x64.ActiveCfg = Debug|x64
		{95BE97C9-A340-164D-8EAC-3F1A099AE846}.Debug|x64.Build.0 = Debug|x64
		{95BE97C9-A340-164D-8EAC-3F1A099AE846}.Release|x64.ActiveCfg = Release|x64
		{95BE97C9-A340-164D-8EAC-3F1A099AE846}.Release|x64.Build.0 = Release|x64
		{655E726E-EA68-9E2B-9AD6-8C87F74C6FBD}.Debug|x64.ActiveCfg = Debug|x64
		{655E726E-EA68-9E2B-9AD6-8C87F74C6FBD}.Debug|x64.Build.0 = Debug|x64
		{655E726E-EA68-9E2B-9AD6-8C87F74C6FBD}.Release|x64.ActiveCfg = Release|x64
		{655E726E-EA68-9E2B-9AD6-8C87F74C6FBD}.Release|x64.Build.0 = Release|x64
		{1AAE8127-2F3D-07E8-6E6F-7907C87E1DF1}.Debug|x64.ActiveCfg = Debug|Win32
		{1AAE8127-2F3D-07E8-6E6F-7907C87E1DF1}.Debug|x64.Build.0 = Debug|Win32
		{1AAE8127-2F3D-07E8-6E6F-7907C87E1DF1}.Release|x64.ActiveCfg = Release|Win32
		{1AAE8127-2F3D-07E8-6E6F-7907C87E1DF1}.Release|x64.Build.0 = Release|Win32
	EndGlobalSection
	GlobalSection(SolutionProperties) = preSolution
		HideSolutionNode = FALSE
	EndGlobalSection
EndGlobal
